
Microsoft Visual Studio Solution File, Format Version 12.00
# Visual Studio Version 17
VisualStudioVersion = 17.0.31903.59
MinimumVisualStudioVersion = 10.0.40219.1
Project("{FAE04EC0-301F-11D3-BF4B-00C04F79EFBC}") = "MarketplaceUI", "MarketplaceUI\MarketplaceUI.csproj", "{9D34A622-29AB-4ED6-9C91-789B2A5A07A8}"
EndProject
Project("{FAE04EC0-301F-11D3-BF4B-00C04F79EFBC}") = "MarketplaceAPI", "MarketplaceAPI\MarketplaceAPI.csproj", "{97CDE08C-EC36-4001-A3D5-443C42781DCC}"
EndProject
Global
	GlobalSection(SolutionConfigurationPlatforms) = preSolution
		Debug|Any CPU = Debug|Any CPU
		Release|Any CPU = Release|Any CPU
	EndGlobalSection
	GlobalSection(SolutionProperties) = preSolution
		HideSolutionNode = FALSE
	EndGlobalSection
	GlobalSection(ProjectConfigurationPlatforms) = postSolution
		{9D34A622-29AB-4ED6-9C91-789B2A5A07A8}.Debug|Any CPU.ActiveCfg = Debug|Any CPU
		{9D34A622-29AB-4ED6-9C91-789B2A5A07A8}.Debug|Any CPU.Build.0 = Debug|Any CPU
		{9D34A622-29AB-4ED6-9C91-789B2A5A07A8}.Release|Any CPU.ActiveCfg = Release|Any CPU
		{9D34A622-29AB-4ED6-9C91-789B2A5A07A8}.Release|Any CPU.Build.0 = Release|Any CPU
		{97CDE08C-EC36-4001-A3D5-443C42781DCC}.Debug|Any CPU.ActiveCfg = Debug|Any CPU
		{97CDE08C-EC36-4001-A3D5-443C42781DCC}.Debug|Any CPU.Build.0 = Debug|Any CPU
		{97CDE08C-EC36-4001-A3D5-443C42781DCC}.Release|Any CPU.ActiveCfg = Release|Any CPU
		{97CDE08C-EC36-4001-A3D5-443C42781DCC}.Release|Any CPU.Build.0 = Release|Any CPU
	EndGlobalSection
EndGlobal
